
Microsoft Visual Studio Solution File, Format Version 12.00
# Visual Studio 2012
Project("{FAE04EC0-301F-11D3-BF4B-00C04F79EFBC}") = "ASP.NET_CoreWebAppForAzure", "ASP.NET_CoreWebAppForAzure\ASP.NET_CoreWebAppForAzure.csproj", "{77BC0B3B-835D-4C59-B072-EBF17A72E68A}"
EndProject
Global
	GlobalSection(SolutionConfigurationPlatforms) = preSolution
		Debug|Any CPU = Debug|Any CPU
		Release|Any CPU = Release|Any CPU
	EndGlobalSection
	GlobalSection(ProjectConfigurationPlatforms) = postSolution
		{77BC0B3B-835D-4C59-B072-EBF17A72E68A}.Debug|Any CPU.ActiveCfg = Debug|Any CPU
		{77BC0B3B-835D-4C59-B072-EBF17A72E68A}.Debug|Any CPU.Build.0 = Debug|Any CPU
		{77BC0B3B-835D-4C59-B072-EBF17A72E68A}.Release|Any CPU.ActiveCfg = Release|Any CPU
		{77BC0B3B-835D-4C59-B072-EBF17A72E68A}.Release|Any CPU.Build.0 = Release|Any CPU
	EndGlobalSection
EndGlobal
